
Microsoft Visual Studio Solution File, Format Version 12.00
# Visual Studio Version 16
VisualStudioVersion = 16.0.29102.190
MinimumVisualStudioVersion = 10.0.40219.1
Project("{9A19103F-16F7-4668-BE54-9A1E7A4F7556}") = "AdventOfCodeTests", "AdventOfCodeTests\AdventOfCodeTests.csproj", "{FDCB0517-4FA5-47B6-9288-ED5F85F20219}"
EndProject
Project("{9A19103F-16F7-4668-BE54-9A1E7A4F7556}") = "AnswerApp", "AnswerApp\AnswerApp.csproj", "{5C53F0B9-2D49-46F8-A409-C23A98B7281F}"
EndProject
Project("{9A19103F-16F7-4668-BE54-9A1E7A4F7556}") = "SantaShip", "SantaShip\SantaShip.csproj", "{8039A72F-07CD-426A-9CF5-FDB60D9EF616}"
EndProject
Global
	GlobalSection(SolutionConfigurationPlatforms) = preSolution
		Debug|Any CPU = Debug|Any CPU
		Release|Any CPU = Release|Any CPU
	EndGlobalSection
	GlobalSection(ProjectConfigurationPlatforms) = postSolution
		{FDCB0517-4FA5-47B6-9288-ED5F85F20219}.Debug|Any CPU.ActiveCfg = Debug|Any CPU
		{FDCB0517-4FA5-47B6-9288-ED5F85F20219}.Debug|Any CPU.Build.0 = Debug|Any CPU
		{FDCB0517-4FA5-47B6-9288-ED5F85F20219}.Release|Any CPU.ActiveCfg = Release|Any CPU
		{FDCB0517-4FA5-47B6-9288-ED5F85F20219}.Release|Any CPU.Build.0 = Release|Any CPU
		{5C53F0B9-2D49-46F8-A409-C23A98B7281F}.Debug|Any CPU.ActiveCfg = Debug|Any CPU
		{5C53F0B9-2D49-46F8-A409-C23A98B7281F}.Debug|Any CPU.Build.0 = Debug|Any CPU
		{5C53F0B9-2D49-46F8-A409-C23A98B7281F}.Release|Any CPU.ActiveCfg = Release|Any CPU
		{5C53F0B9-2D49-46F8-A409-C23A98B7281F}.Release|Any CPU.Build.0 = Release|Any CPU
		{8039A72F-07CD-426A-9CF5-FDB60D9EF616}.Debug|Any CPU.ActiveCfg = Debug|Any CPU
		{8039A72F-07CD-426A-9CF5-FDB60D9EF616}.Debug|Any CPU.Build.0 = Debug|Any CPU
		{8039A72F-07CD-426A-9CF5-FDB60D9EF616}.Release|Any CPU.ActiveCfg = Release|Any CPU
		{8039A72F-07CD-426A-9CF5-FDB60D9EF616}.Release|Any CPU.Build.0 = Release|Any CPU
	EndGlobalSection
	GlobalSection(SolutionProperties) = preSolution
		HideSolutionNode = FALSE
	EndGlobalSection
	GlobalSection(ExtensibilityGlobals) = postSolution
		SolutionGuid = {271EE497-15DD-460E-8618-D307166E1161}
	EndGlobalSection
EndGlobal
